
Microsoft Visual Studio Solution File, Format Version 12.00
# Visual Studio 15
Project("{FAE04EC0-301F-11D3-BF4B-00C04F79EFBC}") = "Unity.XR.Interaction.Toolkit.Samples.StarterAssets", "Unity.XR.Interaction.Toolkit.Samples.StarterAssets.csproj", "{3BF684C6-7110-51C1-5220-E915A3021AA9}"
EndProject
Project("{FAE04EC0-301F-11D3-BF4B-00C04F79EFBC}") = "Unity.XR.Interaction.Toolkit.Samples.Hands", "Unity.XR.Interaction.Toolkit.Samples.Hands.csproj", "{C1DC2852-9E1F-41E3-EC6B-ABDB004DF59B}"
EndProject
Project("{FAE04EC0-301F-11D3-BF4B-00C04F79EFBC}") = "Assembly-CSharp", "Assembly-CSharp.csproj", "{94E34714-5239-4477-5119-31110FC41A0E}"
EndProject
Project("{FAE04EC0-301F-11D3-BF4B-00C04F79EFBC}") = "Unity.XR.Interaction.Toolkit.Samples.ARStarterAssets", "Unity.XR.Interaction.Toolkit.Samples.ARStarterAssets.csproj", "{48B163F1-ED12-4A96-174F-6B4B29FB1F85}"
EndProject
Project("{FAE04EC0-301F-11D3-BF4B-00C04F79EFBC}") = "Unity.XR.Hands.Samples.VisualizerSample", "Unity.XR.Hands.Samples.VisualizerSample.csproj", "{3DD323AE-DDC4-6732-7723-67D25B9C6992}"
EndProject
Project("{FAE04EC0-301F-11D3-BF4B-00C04F79EFBC}") = "Unity.XR.Interaction.Toolkit.Samples.ARStarterAssets.Editor", "Unity.XR.Interaction.Toolkit.Samples.ARStarterAssets.Editor.csproj", "{41FA02BB-B3AE-BD8C-19E6-088B410173B2}"
EndProject
Project("{FAE04EC0-301F-11D3-BF4B-00C04F79EFBC}") = "Unity.XR.Interaction.Toolkit.Samples.Hands.Editor", "Unity.XR.Interaction.Toolkit.Samples.Hands.Editor.csproj", "{C4E2FD99-1003-8BB7-1838-36573FB6BC48}"
EndProject
Project("{FAE04EC0-301F-11D3-BF4B-00C04F79EFBC}") = "Unity.XR.Interaction.Toolkit.Samples.StarterAssets.Editor", "Unity.XR.Interaction.Toolkit.Samples.StarterAssets.Editor.csproj", "{566B061C-3223-40FD-48EB-CB4ACD3FA4B3}"
EndProject
Global
	GlobalSection(SolutionConfigurationPlatforms) = preSolution
		Debug|Any CPU = Debug|Any CPU
		Release|Any CPU = Release|Any CPU
	EndGlobalSection
	GlobalSection(ProjectConfigurationPlatforms) = postSolution
		{3BF684C6-7110-51C1-5220-E915A3021AA9}.Debug|Any CPU.ActiveCfg = Debug|Any CPU
		{3BF684C6-7110-51C1-5220-E915A3021AA9}.Debug|Any CPU.Build.0 = Debug|Any CPU
		{3BF684C6-7110-51C1-5220-E915A3021AA9}.Release|Any CPU.ActiveCfg = Release|Any CPU
		{3BF684C6-7110-51C1-5220-E915A3021AA9}.Release|Any CPU.Build.0 = Release|Any CPU
		{C1DC2852-9E1F-41E3-EC6B-ABDB004DF59B}.Debug|Any CPU.ActiveCfg = Debug|Any CPU
		{C1DC2852-9E1F-41E3-EC6B-ABDB004DF59B}.Debug|Any CPU.Build.0 = Debug|Any CPU
		{C1DC2852-9E1F-41E3-EC6B-ABDB004DF59B}.Release|Any CPU.ActiveCfg = Release|Any CPU
		{C1DC2852-9E1F-41E3-EC6B-ABDB004DF59B}.Release|Any CPU.Build.0 = Release|Any CPU
		{94E34714-5239-4477-5119-31110FC41A0E}.Debug|Any CPU.ActiveCfg = Debug|Any CPU
		{94E34714-5239-4477-5119-31110FC41A0E}.Debug|Any CPU.Build.0 = Debug|Any CPU
		{94E34714-5239-4477-5119-31110FC41A0E}.Release|Any CPU.ActiveCfg = Release|Any CPU
		{94E34714-5239-4477-5119-31110FC41A0E}.Release|Any CPU.Build.0 = Release|Any CPU
		{48B163F1-ED12-4A96-174F-6B4B29FB1F85}.Debug|Any CPU.ActiveCfg = Debug|Any CPU
		{48B163F1-ED12-4A96-174F-6B4B29FB1F85}.Debug|Any CPU.Build.0 = Debug|Any CPU
		{48B163F1-ED12-4A96-174F-6B4B29FB1F85}.Release|Any CPU.ActiveCfg = Release|Any CPU
		{48B163F1-ED12-4A96-174F-6B4B29FB1F85}.Release|Any CPU.Build.0 = Release|Any CPU
		{3DD323AE-DDC4-6732-7723-67D25B9C6992}.Debug|Any CPU.ActiveCfg = Debug|Any CPU
		{3DD323AE-DDC4-6732-7723-67D25B9C6992}.Debug|Any CPU.Build.0 = Debug|Any CPU
		{3DD323AE-DDC4-6732-7723-67D25B9C6992}.Release|Any CPU.ActiveCfg = Release|Any CPU
		{3DD323AE-DDC4-6732-7723-67D25B9C6992}.Release|Any CPU.Build.0 = Release|Any CPU
		{41FA02BB-B3AE-BD8C-19E6-088B410173B2}.Debug|Any CPU.ActiveCfg = Debug|Any CPU
		{41FA02BB-B3AE-BD8C-19E6-088B410173B2}.Debug|Any CPU.Build.0 = Debug|Any CPU
		{41FA02BB-B3AE-BD8C-19E6-088B410173B2}.Release|Any CPU.ActiveCfg = Release|Any CPU
		{41FA02BB-B3AE-BD8C-19E6-088B410173B2}.Release|Any CPU.Build.0 = Release|Any CPU
		{C4E2FD99-1003-8BB7-1838-36573FB6BC48}.Debug|Any CPU.ActiveCfg = Debug|Any CPU
		{C4E2FD99-1003-8BB7-1838-36573FB6BC48}.Debug|Any CPU.Build.0 = Debug|Any CPU
		{C4E2FD99-1003-8BB7-1838-36573FB6BC48}.Release|Any CPU.ActiveCfg = Release|Any CPU
		{C4E2FD99-1003-8BB7-1838-36573FB6BC48}.Release|Any CPU.Build.0 = Release|Any CPU
		{566B061C-3223-40FD-48EB-CB4ACD3FA4B3}.Debug|Any CPU.ActiveCfg = Debug|Any CPU
		{566B061C-3223-40FD-48EB-CB4ACD3FA4B3}.Debug|Any CPU.Build.0 = Debug|Any CPU
		{566B061C-3223-40FD-48EB-CB4ACD3FA4B3}.Release|Any CPU.ActiveCfg = Release|Any CPU
		{566B061C-3223-40FD-48EB-CB4ACD3FA4B3}.Release|Any CPU.Build.0 = Release|Any CPU
	EndGlobalSection
	GlobalSection(SolutionProperties) = preSolution
		HideSolutionNode = FALSE
	EndGlobalSection
EndGlobal
